// !$*UTF8*$!
{
	archiveVersion = 1;
	classes = {
	};
	objectVersion = 48;
	objects = {

/* Begin PBXBuildFile section */
		66AA40641F2FC6B0000DC2AB /* main.cpp in Sources */ = {isa = PBXBuildFile; fileRef = 66AA40631F2FC6B0000DC2AB /* main.cpp */; };
		66AA406D1F2FC74E000DC2AB /* TuringMachine.cpp in Sources */ = {isa = PBXBuildFile; fileRef = 66AA406B1F2FC74E000DC2AB /* TuringMachine.cpp */; };
		66C9D5F21F55DE9800763383 /* TwoStateBusyBeaver.cpp in Sources */ = {isa = PBXBuildFile; fileRef = 66C9D5F01F55DE9800763383 /* TwoStateBusyBeaver.cpp */; };
		66C9D5F51F55FD3D00763383 /* FourStateBusyBeaver.cpp in Sources */ = {isa = PBXBuildFile; fileRef = 66C9D5F31F55FD3D00763383 /* FourStateBusyBeaver.cpp */; };
/* End PBXBuildFile section */

/* Begin PBXCopyFilesBuildPhase section */
		66AA405E1F2FC6B0000DC2AB /* CopyFiles */ = {
			isa = PBXCopyFilesBuildPhase;
			buildActionMask = 2147483647;
			dstPath = /usr/share/man/man1/;
			dstSubfolderSpec = 0;
			files = (
			);
			runOnlyForDeploymentPostprocessing = 1;
		};
/* End PBXCopyFilesBuildPhase section */

/* Begin PBXFileReference section */
		6657C52B1F4B6D9B0020CC39 /* BusyBeaverProgram.hpp */ = {isa = PBXFileReference; lastKnownFileType = sourcecode.cpp.h; path = BusyBeaverProgram.hpp; sourceTree = "<group>"; };
		66AA40601F2FC6B0000DC2AB /* Busy Beaver */ = {isa = PBXFileReference; explicitFileType = "compiled.mach-o.executable"; includeInIndex = 0; path = "Busy Beaver"; sourceTree = BUILT_PRODUCTS_DIR; };
		66AA40631F2FC6B0000DC2AB /* main.cpp */ = {isa = PBXFileReference; lastKnownFileType = sourcecode.cpp.cpp; path = main.cpp; sourceTree = "<group>"; };
		66AA406B1F2FC74E000DC2AB /* TuringMachine.cpp */ = {isa = PBXFileReference; lastKnownFileType = sourcecode.cpp.cpp; path = TuringMachine.cpp; sourceTree = "<group>"; };
		66AA406C1F2FC74E000DC2AB /* TuringMachine.hpp */ = {isa = PBXFileReference; lastKnownFileType = sourcecode.cpp.h; path = TuringMachine.hpp; sourceTree = "<group>"; };
		66C9D5F01F55DE9800763383 /* TwoStateBusyBeaver.cpp */ = {isa = PBXFileReference; lastKnownFileType = sourcecode.cpp.cpp; path = TwoStateBusyBeaver.cpp; sourceTree = "<group>"; };
		66C9D5F11F55DE9800763383 /* TwoStateBusyBeaver.hpp */ = {isa = PBXFileReference; lastKnownFileType = sourcecode.cpp.h; path = TwoStateBusyBeaver.hpp; sourceTree = "<group>"; };
		66C9D5F31F55FD3D00763383 /* FourStateBusyBeaver.cpp */ = {isa = PBXFileReference; lastKnownFileType = sourcecode.cpp.cpp; path = FourStateBusyBeaver.cpp; sourceTree = "<group>"; };
		66C9D5F41F55FD3D00763383 /* FourStateBusyBeaver.hpp */ = {isa = PBXFileReference; lastKnownFileType = sourcecode.cpp.h; path = FourStateBusyBeaver.hpp; sourceTree = "<group>"; };
/* End PBXFileReference section */

/* Begin PBXFrameworksBuildPhase section */
		66AA405D1F2FC6B0000DC2AB /* Frameworks */ = {
			isa = PBXFrameworksBuildPhase;
			buildActionMask = 2147483647;
			files = (
			);
			runOnlyForDeploymentPostprocessing = 0;
		};
/* End PBXFrameworksBuildPhase section */

/* Begin PBXGroup section */
		66AA40571F2FC6B0000DC2AB = {
			isa = PBXGroup;
			children = (
				66AA40621F2FC6B0000DC2AB /* src */,
				66AA40611F2FC6B0000DC2AB /* Products */,
			);
			sourceTree = "<group>";
		};
		66AA40611F2FC6B0000DC2AB /* Products */ = {
			isa = PBXGroup;
			children = (
				66AA40601F2FC6B0000DC2AB /* Busy Beaver */,
			);
			name = Products;
			sourceTree = "<group>";
		};
		66AA40621F2FC6B0000DC2AB /* src */ = {
			isa = PBXGroup;
			children = (
				66AA406A1F2FC709000DC2AB /* Model */,
				66AA40631F2FC6B0000DC2AB /* main.cpp */,
			);
			path = src;
			sourceTree = "<group>";
		};
		66AA406A1F2FC709000DC2AB /* Model */ = {
			isa = PBXGroup;
			children = (
				66AA406C1F2FC74E000DC2AB /* TuringMachine.hpp */,
				6657C52B1F4B6D9B0020CC39 /* BusyBeaverProgram.hpp */,
				66C9D5F11F55DE9800763383 /* TwoStateBusyBeaver.hpp */,
				66C9D5F41F55FD3D00763383 /* FourStateBusyBeaver.hpp */,
				66AA406B1F2FC74E000DC2AB /* TuringMachine.cpp */,
				66C9D5F01F55DE9800763383 /* TwoStateBusyBeaver.cpp */,
				66C9D5F31F55FD3D00763383 /* FourStateBusyBeaver.cpp */,
			);
			path = Model;
			sourceTree = "<group>";
		};
/* End PBXGroup section */

/* Begin PBXNativeTarget section */
		66AA405F1F2FC6B0000DC2AB /* Busy Beaver */ = {
			isa = PBXNativeTarget;
			buildConfigurationList = 66AA40671F2FC6B0000DC2AB /* Build configuration list for PBXNativeTarget "Busy Beaver" */;
			buildPhases = (
				66AA405C1F2FC6B0000DC2AB /* Sources */,
				66AA405D1F2FC6B0000DC2AB /* Frameworks */,
				66AA405E1F2FC6B0000DC2AB /* CopyFiles */,
			);
			buildRules = (
			);
			dependencies = (
			);
			name = "Busy Beaver";
			productName = "Busy Beaver";
			productReference = 66AA40601F2FC6B0000DC2AB /* Busy Beaver */;
			productType = "com.apple.product-type.tool";
		};
/* End PBXNativeTarget section */

/* Begin PBXProject section */
		66AA40581F2FC6B0000DC2AB /* Project object */ = {
			isa = PBXProject;
			attributes = {
				LastUpgradeCheck = 0900;
				ORGANIZATIONNAME = "Adam J Leuer";
				TargetAttributes = {
					66AA405F1F2FC6B0000DC2AB = {
						CreatedOnToolsVersion = 9.0;
					};
				};
			};
			buildConfigurationList = 66AA405B1F2FC6B0000DC2AB /* Build configuration list for PBXProject "Busy Beaver" */;
			compatibilityVersion = "Xcode 8.0";
			developmentRegion = en;
			hasScannedForEncodings = 0;
			knownRegions = (
				en,
			);
			mainGroup = 66AA40571F2FC6B0000DC2AB;
			productRefGroup = 66AA40611F2FC6B0000DC2AB /* Products */;
			projectDirPath = "";
			projectRoot = "";
			targets = (
				66AA405F1F2FC6B0000DC2AB /* Busy Beaver */,
			);
		};
/* End PBXProject section */

/* Begin PBXSourcesBuildPhase section */
		66AA405C1F2FC6B0000DC2AB /* Sources */ = {
			isa = PBXSourcesBuildPhase;
			buildActionMask = 2147483647;
			files = (
				66C9D5F21F55DE9800763383 /* TwoStateBusyBeaver.cpp in Sources */,
				66AA406D1F2FC74E000DC2AB /* TuringMachine.cpp in Sources */,
				66AA40641F2FC6B0000DC2AB /* main.cpp in Sources */,
				66C9D5F51F55FD3D00763383 /* FourStateBusyBeaver.cpp in Sources */,
			);
			runOnlyForDeploymentPostprocessing = 0;
		};
/* End PBXSourcesBuildPhase section */

/* Begin XCBuildConfiguration section */
		66AA40651F2FC6B0000DC2AB /* Debug */ = {
			isa = XCBuildConfiguration;
			buildSettings = {
				ALWAYS_SEARCH_USER_PATHS = NO;
				CLANG_ANALYZER_NONNULL = YES;
				CLANG_ANALYZER_NUMBER_OBJECT_CONVERSION = YES_AGGRESSIVE;
				CLANG_CXX_LANGUAGE_STANDARD = "c++17";
				CLANG_CXX_LIBRARY = "libc++";
				CLANG_ENABLE_MODULES = YES;
				CLANG_ENABLE_OBJC_ARC = YES;
				CLANG_WARN_BLOCK_CAPTURE_AUTORELEASING = YES;
				CLANG_WARN_BOOL_CONVERSION = YES;
				CLANG_WARN_COMMA = YES;
				CLANG_WARN_CONSTANT_CONVERSION = YES;
				CLANG_WARN_DIRECT_OBJC_ISA_USAGE = YES_ERROR;
				CLANG_WARN_DOCUMENTATION_COMMENTS = YES;
				CLANG_WARN_EMPTY_BODY = YES;
				CLANG_WARN_ENUM_CONVERSION = YES;
				CLANG_WARN_INFINITE_RECURSION = YES;
				CLANG_WARN_INT_CONVERSION = YES;
				CLANG_WARN_NON_LITERAL_NULL_CONVERSION = YES;
				CLANG_WARN_OBJC_LITERAL_CONVERSION = YES;
				CLANG_WARN_OBJC_ROOT_CLASS = YES_ERROR;
				CLANG_WARN_RANGE_LOOP_ANALYSIS = YES;
				CLANG_WARN_STRICT_PROTOTYPES = YES;
				CLANG_WARN_SUSPICIOUS_MOVE = YES;
				CLANG_WARN_UNGUARDED_AVAILABILITY = YES_AGGRESSIVE;
				CLANG_WARN_UNREACHABLE_CODE = YES;
				CLANG_WARN__DUPLICATE_METHOD_MATCH = YES;
				CODE_SIGN_IDENTITY = "-";
				COPY_PHASE_STRIP = NO;
				DEBUG_INFORMATION_FORMAT = dwarf;
				ENABLE_STRICT_OBJC_MSGSEND = YES;
				ENABLE_TESTABILITY = YES;
				GCC_C_LANGUAGE_STANDARD = c11;
				GCC_DYNAMIC_NO_PIC = NO;
				GCC_NO_COMMON_BLOCKS = YES;
				GCC_OPTIMIZATION_LEVEL = 0;
				GCC_PREPROCESSOR_DEFINITIONS = (
					"DEBUG=1",
					"$(inherited)",
				);
				GCC_WARN_64_TO_32_BIT_CONVERSION = YES;
				GCC_WARN_ABOUT_RETURN_TYPE = YES_ERROR;
				GCC_WARN_UNDECLARED_SELECTOR = YES;
				GCC_WARN_UNINITIALIZED_AUTOS = YES_AGGRESSIVE;
				GCC_WARN_UNUSED_FUNCTION = YES;
				GCC_WARN_UNUSED_VARIABLE = YES;
				MACOSX_DEPLOYMENT_TARGET = 10.13;
				MTL_ENABLE_DEBUG_INFO = YES;
				ONLY_ACTIVE_ARCH = YES;
				SDKROOT = macosx;
				STRINGS_FILE_OUTPUT_ENCODING = "UTF-8";
			};
			name = Debug;
		};
		66AA40661F2FC6B0000DC2AB /* Release */ = {
			isa = XCBuildConfiguration;
			buildSettings = {
				ALWAYS_SEARCH_USER_PATHS = NO;
				CLANG_ANALYZER_NONNULL = YES;
				CLANG_ANALYZER_NUMBER_OBJECT_CONVERSION = YES_AGGRESSIVE;
				CLANG_CXX_LANGUAGE_STANDARD = "c++17";
				CLANG_CXX_LIBRARY = "libc++";
				CLANG_ENABLE_MODULES = YES;
				CLANG_ENABLE_OBJC_ARC = YES;
				CLANG_WARN_BLOCK_CAPTURE_AUTORELEASING = YES;
				CLANG_WARN_BOOL_CONVERSION = YES;
				CLANG_WARN_COMMA = YES;
				CLANG_WARN_CONSTANT_CONVERSION = YES;
				CLANG_WARN_DIRECT_OBJC_ISA_USAGE = YES_ERROR;
				CLANG_WARN_DOCUMENTATION_COMMENTS = YES;
				CLANG_WARN_EMPTY_BODY = YES;
				CLANG_WARN_ENUM_CONVERSION = YES;
				CLANG_WARN_INFINITE_RECURSION = YES;
				CLANG_WARN_INT_CONVERSION = YES;
				CLANG_WARN_NON_LITERAL_NULL_CONVERSION = YES;
				CLANG_WARN_OBJC_LITERAL_CONVERSION = YES;
				CLANG_WARN_OBJC_ROOT_CLASS = YES_ERROR;
				CLANG_WARN_RANGE_LOOP_ANALYSIS = YES;
				CLANG_WARN_STRICT_PROTOTYPES = YES;
				CLANG_WARN_SUSPICIOUS_MOVE = YES;
				CLANG_WARN_UNGUARDED_AVAILABILITY = YES_AGGRESSIVE;
				CLANG_WARN_UNREACHABLE_CODE = YES;
				CLANG_WARN__DUPLICATE_METHOD_MATCH = YES;
				CODE_SIGN_IDENTITY = "-";
				COPY_PHASE_STRIP = NO;
				DEBUG_INFORMATION_FORMAT = "dwarf-with-dsym";
				ENABLE_NS_ASSERTIONS = NO;
				ENABLE_STRICT_OBJC_MSGSEND = YES;
				GCC_C_LANGUAGE_STANDARD = c11;
				GCC_NO_COMMON_BLOCKS = YES;
				GCC_WARN_64_TO_32_BIT_CONVERSION = YES;
				GCC_WARN_ABOUT_RETURN_TYPE = YES_ERROR;
				GCC_WARN_UNDECLARED_SELECTOR = YES;
				GCC_WARN_UNINITIALIZED_AUTOS = YES_AGGRESSIVE;
				GCC_WARN_UNUSED_FUNCTION = YES;
				GCC_WARN_UNUSED_VARIABLE = YES;
				MACOSX_DEPLOYMENT_TARGET = 10.13;
				MTL_ENABLE_DEBUG_INFO = NO;
				SDKROOT = macosx;
				STRINGS_FILE_OUTPUT_ENCODING = "UTF-8";
			};
			name = Release;
		};
		66AA40681F2FC6B0000DC2AB /* Debug */ = {
			isa = XCBuildConfiguration;
			buildSettings = {
				CLANG_CXX_LANGUAGE_STANDARD = "c++17";
				PRODUCT_NAME = "$(TARGET_NAME)";
				STRINGS_FILE_OUTPUT_ENCODING = "UTF-8";
			};
			name = Debug;
		};
		66AA40691F2FC6B0000DC2AB /* Release */ = {
			isa = XCBuildConfiguration;
			buildSettings = {
				CLANG_CXX_LANGUAGE_STANDARD = "c++17";
				PRODUCT_NAME = "$(TARGET_NAME)";
				STRINGS_FILE_OUTPUT_ENCODING = "UTF-8";
			};
			name = Release;
		};
/* End XCBuildConfiguration section */

/* Begin XCConfigurationList section */
		66AA405B1F2FC6B0000DC2AB /* Build configuration list for PBXProject "Busy Beaver" */ = {
			isa = XCConfigurationList;
			buildConfigurations = (
				66AA40651F2FC6B0000DC2AB /* Debug */,
				66AA40661F2FC6B0000DC2AB /* Release */,
			);
			defaultConfigurationIsVisible = 0;
			defaultConfigurationName = Release;
		};
		66AA40671F2FC6B0000DC2AB /* Build configuration list for PBXNativeTarget "Busy Beaver" */ = {
			isa = XCConfigurationList;
			buildConfigurations = (
				66AA40681F2FC6B0000DC2AB /* Debug */,
				66AA40691F2FC6B0000DC2AB /* Release */,
			);
			defaultConfigurationIsVisible = 0;
			defaultConfigurationName = Release;
		};
/* End XCConfigurationList section */
	};
	rootObject = 66AA40581F2FC6B0000DC2AB /* Project object */;
}
